// !$*UTF8*$!
{
	archiveVersion = 1;
	classes = {
	};
	objectVersion = 50;
	objects = {

/* Begin PBXBuildFile section */
		66D34FC620C4918D0014F08D /* Logger.cpp in Sources */ = {isa = PBXBuildFile; fileRef = 66D34FBD20C490950014F08D /* Logger.cpp */; };
		66D34FD220C491E20014F08D /* libglad.a in Frameworks */ = {isa = PBXBuildFile; fileRef = 66EB669520C456340048B3AA /* libglad.a */; };
		66D34FD320C491E50014F08D /* libLogger.a in Frameworks */ = {isa = PBXBuildFile; fileRef = 66D34FC220C491860014F08D /* libLogger.a */; };
		66D34FD520C491FD0014F08D /* libglfw3.a in Frameworks */ = {isa = PBXBuildFile; fileRef = 660659EC20A94B1B00E5579D /* libglfw3.a */; };
		66D34FD720C4937F0014F08D /* libMudBathEngine.a in Frameworks */ = {isa = PBXBuildFile; fileRef = 66D34FCB20C491C70014F08D /* libMudBathEngine.a */; };
		66D34FD820C493860014F08D /* libMudBathEngine.a in Frameworks */ = {isa = PBXBuildFile; fileRef = 66D34FCB20C491C70014F08D /* libMudBathEngine.a */; };
		66D34FD920C493E10014F08D /* libLogger.a in Frameworks */ = {isa = PBXBuildFile; fileRef = 66D34FC220C491860014F08D /* libLogger.a */; };
		66D34FDA20C493F10014F08D /* libLogger.a in Frameworks */ = {isa = PBXBuildFile; fileRef = 66D34FC220C491860014F08D /* libLogger.a */; };
		66D34FDB20C493F80014F08D /* libLogger.a in Frameworks */ = {isa = PBXBuildFile; fileRef = 66D34FC220C491860014F08D /* libLogger.a */; };
		66D34FF120C49B3F0014F08D /* MudBathEngine.cpp in Sources */ = {isa = PBXBuildFile; fileRef = 66EB667B20C4515D0048B3AA /* MudBathEngine.cpp */; };
		66D34FF220C49CD50014F08D /* libMudBathEngine.a in Frameworks */ = {isa = PBXBuildFile; fileRef = 66D34FCB20C491C70014F08D /* libMudBathEngine.a */; };
		66D34FF620C4A01C0014F08D /* CoreVideo.framework in Frameworks */ = {isa = PBXBuildFile; fileRef = 660659F020A94B2700E5579D /* CoreVideo.framework */; };
		66D34FF720C4A0210014F08D /* IOKit.framework in Frameworks */ = {isa = PBXBuildFile; fileRef = 660659EE20A94B2200E5579D /* IOKit.framework */; };
		66D34FF820C4A0250014F08D /* Cocoa.framework in Frameworks */ = {isa = PBXBuildFile; fileRef = 660659F220A94B6300E5579D /* Cocoa.framework */; };
		66D34FF920C4A0970014F08D /* CoreVideo.framework in Frameworks */ = {isa = PBXBuildFile; fileRef = 660659F020A94B2700E5579D /* CoreVideo.framework */; };
		66D34FFA20C4A09B0014F08D /* IOKit.framework in Frameworks */ = {isa = PBXBuildFile; fileRef = 660659EE20A94B2200E5579D /* IOKit.framework */; };
		66D34FFB20C4A09E0014F08D /* Cocoa.framework in Frameworks */ = {isa = PBXBuildFile; fileRef = 660659F220A94B6300E5579D /* Cocoa.framework */; };
		66D34FFC20C4A0A60014F08D /* CoreVideo.framework in Frameworks */ = {isa = PBXBuildFile; fileRef = 660659F020A94B2700E5579D /* CoreVideo.framework */; };
		66D34FFD20C4A0AA0014F08D /* IOKit.framework in Frameworks */ = {isa = PBXBuildFile; fileRef = 660659EE20A94B2200E5579D /* IOKit.framework */; };
		66D34FFE20C4A0B10014F08D /* Cocoa.framework in Frameworks */ = {isa = PBXBuildFile; fileRef = 660659F220A94B6300E5579D /* Cocoa.framework */; };
		66EB668120C451AE0048B3AA /* Riverbank.cpp in Sources */ = {isa = PBXBuildFile; fileRef = 66EB667A20C4513F0048B3AA /* Riverbank.cpp */; };
		66EB668220C451B30048B3AA /* Centrifudge.cpp in Sources */ = {isa = PBXBuildFile; fileRef = 66EB667920C4513F0048B3AA /* Centrifudge.cpp */; };
		66EB668320C451B90048B3AA /* Marshland.cpp in Sources */ = {isa = PBXBuildFile; fileRef = 66EB667820C4513F0048B3AA /* Marshland.cpp */; };
		66EB669920C4563B0048B3AA /* glad.c in Sources */ = {isa = PBXBuildFile; fileRef = 66EB668C20C4534B0048B3AA /* glad.c */; };
/* End PBXBuildFile section */

/* Begin PBXContainerItemProxy section */
		66D34FE520C49A440014F08D /* PBXContainerItemProxy */ = {
			isa = PBXContainerItemProxy;
			containerPortal = 66CB065C20A91DA1003973D1 /* Project object */;
			proxyType = 1;
			remoteGlobalIDString = 66D34FC120C491860014F08D;
			remoteInfo = Logger;
		};
		66D34FE720C49A440014F08D /* PBXContainerItemProxy */ = {
			isa = PBXContainerItemProxy;
			containerPortal = 66CB065C20A91DA1003973D1 /* Project object */;
			proxyType = 1;
			remoteGlobalIDString = 66D34FCA20C491C70014F08D;
			remoteInfo = MudBathEngine;
		};
		66D34FE920C49A4A0014F08D /* PBXContainerItemProxy */ = {
			isa = PBXContainerItemProxy;
			containerPortal = 66CB065C20A91DA1003973D1 /* Project object */;
			proxyType = 1;
			remoteGlobalIDString = 66D34FC120C491860014F08D;
			remoteInfo = Logger;
		};
		66D34FEB20C49A4A0014F08D /* PBXContainerItemProxy */ = {
			isa = PBXContainerItemProxy;
			containerPortal = 66CB065C20A91DA1003973D1 /* Project object */;
			proxyType = 1;
			remoteGlobalIDString = 66D34FCA20C491C70014F08D;
			remoteInfo = MudBathEngine;
		};
		66D34FED20C49A510014F08D /* PBXContainerItemProxy */ = {
			isa = PBXContainerItemProxy;
			containerPortal = 66CB065C20A91DA1003973D1 /* Project object */;
			proxyType = 1;
			remoteGlobalIDString = 66D34FC120C491860014F08D;
			remoteInfo = Logger;
		};
		66D34FEF20C49A510014F08D /* PBXContainerItemProxy */ = {
			isa = PBXContainerItemProxy;
			containerPortal = 66CB065C20A91DA1003973D1 /* Project object */;
			proxyType = 1;
			remoteGlobalIDString = 66D34FCA20C491C70014F08D;
			remoteInfo = MudBathEngine;
		};
/* End PBXContainerItemProxy section */

/* Begin PBXCopyFilesBuildPhase section */
		660659E420A91E3800E5579D /* CopyFiles */ = {
			isa = PBXCopyFilesBuildPhase;
			buildActionMask = 2147483647;
			dstPath = /usr/share/man/man1/;
			dstSubfolderSpec = 0;
			files = (
			);
			runOnlyForDeploymentPostprocessing = 1;
		};
		66EB664820C359EC0048B3AA /* Copy Files */ = {
			isa = PBXCopyFilesBuildPhase;
			buildActionMask = 2147483647;
			dstPath = /usr/share/man/man1/;
			dstSubfolderSpec = 0;
			files = (
			);
			name = "Copy Files";
			runOnlyForDeploymentPostprocessing = 1;
		};
		66EB665920C35C010048B3AA /* CopyFiles */ = {
			isa = PBXCopyFilesBuildPhase;
			buildActionMask = 2147483647;
			dstPath = /usr/share/man/man1/;
			dstSubfolderSpec = 0;
			files = (
			);
			runOnlyForDeploymentPostprocessing = 1;
		};
/* End PBXCopyFilesBuildPhase section */

/* Begin PBXFileReference section */
		660659DB20A91E1200E5579D /* Renderer.h */ = {isa = PBXFileReference; lastKnownFileType = sourcecode.c.h; path = Renderer.h; sourceTree = "<group>"; };
		660659DC20A91E1200E5579D /* PhysicsModule.h */ = {isa = PBXFileReference; lastKnownFileType = sourcecode.c.h; path = PhysicsModule.h; sourceTree = "<group>"; };
		660659DD20A91E1200E5579D /* AILogic.h */ = {isa = PBXFileReference; lastKnownFileType = sourcecode.c.h; path = AILogic.h; sourceTree = "<group>"; };
		660659E820A91E3800E5579D /* Riverbank */ = {isa = PBXFileReference; explicitFileType = "compiled.mach-o.executable"; includeInIndex = 0; path = Riverbank; sourceTree = BUILT_PRODUCTS_DIR; };
		660659EC20A94B1B00E5579D /* libglfw3.a */ = {isa = PBXFileReference; lastKnownFileType = archive.ar; name = libglfw3.a; path = deps/GLFW/libglfw3.a; sourceTree = "<group>"; };
		660659EE20A94B2200E5579D /* IOKit.framework */ = {isa = PBXFileReference; lastKnownFileType = wrapper.framework; name = IOKit.framework; path = System/Library/Frameworks/IOKit.framework; sourceTree = SDKROOT; };
		660659F020A94B2700E5579D /* CoreVideo.framework */ = {isa = PBXFileReference; lastKnownFileType = wrapper.framework; name = CoreVideo.framework; path = System/Library/Frameworks/CoreVideo.framework; sourceTree = SDKROOT; };
		660659F220A94B6300E5579D /* Cocoa.framework */ = {isa = PBXFileReference; lastKnownFileType = wrapper.framework; name = Cocoa.framework; path = System/Library/Frameworks/Cocoa.framework; sourceTree = SDKROOT; };
		66D34FBD20C490950014F08D /* Logger.cpp */ = {isa = PBXFileReference; lastKnownFileType = sourcecode.cpp.cpp; path = Logger.cpp; sourceTree = "<group>"; };
		66D34FC220C491860014F08D /* libLogger.a */ = {isa = PBXFileReference; explicitFileType = archive.ar; includeInIndex = 0; path = libLogger.a; sourceTree = BUILT_PRODUCTS_DIR; };
		66D34FCB20C491C70014F08D /* libMudBathEngine.a */ = {isa = PBXFileReference; explicitFileType = archive.ar; includeInIndex = 0; path = libMudBathEngine.a; sourceTree = BUILT_PRODUCTS_DIR; };
		66D3500020C4CD6F0014F08D /* configFile.txt */ = {isa = PBXFileReference; lastKnownFileType = text; path = configFile.txt; sourceTree = "<group>"; };
		66EB664C20C359EC0048B3AA /* Centrifudge */ = {isa = PBXFileReference; explicitFileType = "compiled.mach-o.executable"; includeInIndex = 0; path = Centrifudge; sourceTree = BUILT_PRODUCTS_DIR; };
		66EB665D20C35C010048B3AA /* Marshland */ = {isa = PBXFileReference; explicitFileType = "compiled.mach-o.executable"; includeInIndex = 0; path = Marshland; sourceTree = BUILT_PRODUCTS_DIR; };
		66EB666020C44E2B0048B3AA /* Logger.h */ = {isa = PBXFileReference; lastKnownFileType = sourcecode.c.h; path = Logger.h; sourceTree = "<group>"; };
		66EB666220C450CB0048B3AA /* linmath.h */ = {isa = PBXFileReference; lastKnownFileType = sourcecode.c.h; path = linmath.h; sourceTree = "<group>"; };
		66EB666320C450CB0048B3AA /* tinycthread.c */ = {isa = PBXFileReference; lastKnownFileType = sourcecode.c.c; path = tinycthread.c; sourceTree = "<group>"; };
		66EB666420C450CB0048B3AA /* getopt.h */ = {isa = PBXFileReference; lastKnownFileType = sourcecode.c.h; path = getopt.h; sourceTree = "<group>"; };
		66EB666620C450CB0048B3AA /* khrplatform.h */ = {isa = PBXFileReference; lastKnownFileType = sourcecode.c.h; path = khrplatform.h; sourceTree = "<group>"; };
		66EB666820C450CB0048B3AA /* dinput.h */ = {isa = PBXFileReference; lastKnownFileType = sourcecode.c.h; path = dinput.h; sourceTree = "<group>"; };
		66EB666920C450CB0048B3AA /* _mingw_dxhelper.h */ = {isa = PBXFileReference; lastKnownFileType = sourcecode.c.h; path = _mingw_dxhelper.h; sourceTree = "<group>"; };
		66EB666A20C450CB0048B3AA /* xinput.h */ = {isa = PBXFileReference; lastKnownFileType = sourcecode.c.h; path = xinput.h; sourceTree = "<group>"; };
		66EB666C20C450CB0048B3AA /* vulkan.h */ = {isa = PBXFileReference; lastKnownFileType = sourcecode.c.h; path = vulkan.h; sourceTree = "<group>"; };
		66EB666D20C450CB0048B3AA /* vk_platform.h */ = {isa = PBXFileReference; lastKnownFileType = sourcecode.c.h; path = vk_platform.h; sourceTree = "<group>"; };
		66EB666F20C450CB0048B3AA /* glad.h */ = {isa = PBXFileReference; lastKnownFileType = sourcecode.c.h; path = glad.h; sourceTree = "<group>"; };
		66EB667120C450CB0048B3AA /* tinycthread.h */ = {isa = PBXFileReference; lastKnownFileType = sourcecode.c.h; path = tinycthread.h; sourceTree = "<group>"; };
		66EB667320C450CB0048B3AA /* glfw3.h */ = {isa = PBXFileReference; lastKnownFileType = sourcecode.c.h; path = glfw3.h; sourceTree = "<group>"; };
		66EB667420C450CB0048B3AA /* glfw3native.h */ = {isa = PBXFileReference; lastKnownFileType = sourcecode.c.h; path = glfw3native.h; sourceTree = "<group>"; };
		66EB667520C450CB0048B3AA /* libglfw3.a */ = {isa = PBXFileReference; lastKnownFileType = archive.ar; path = libglfw3.a; sourceTree = "<group>"; };
		66EB667620C450CB0048B3AA /* getopt.c */ = {isa = PBXFileReference; lastKnownFileType = sourcecode.c.c; path = getopt.c; sourceTree = "<group>"; };
		66EB667820C4513F0048B3AA /* Marshland.cpp */ = {isa = PBXFileReference; lastKnownFileType = sourcecode.cpp.cpp; path = Marshland.cpp; sourceTree = "<group>"; };
		66EB667920C4513F0048B3AA /* Centrifudge.cpp */ = {isa = PBXFileReference; lastKnownFileType = sourcecode.cpp.cpp; path = Centrifudge.cpp; sourceTree = "<group>"; };
		66EB667A20C4513F0048B3AA /* Riverbank.cpp */ = {isa = PBXFileReference; lastKnownFileType = sourcecode.cpp.cpp; path = Riverbank.cpp; sourceTree = "<group>"; };
		66EB667B20C4515D0048B3AA /* MudBathEngine.cpp */ = {isa = PBXFileReference; lastKnownFileType = sourcecode.cpp.cpp; name = MudBathEngine.cpp; path = /Users/dev/OpenGL/MudBath/MudBath/MudBathEngine.cpp; sourceTree = "<absolute>"; };
		66EB667C20C4515E0048B3AA /* MudBathEngine.h */ = {isa = PBXFileReference; lastKnownFileType = sourcecode.c.h; name = MudBathEngine.h; path = /Users/dev/OpenGL/MudBath/MudBath/MudBathEngine.h; sourceTree = "<absolute>"; };
		66EB668C20C4534B0048B3AA /* glad.c */ = {isa = PBXFileReference; fileEncoding = 4; lastKnownFileType = sourcecode.c.c; path = glad.c; sourceTree = "<group>"; };
		66EB669520C456340048B3AA /* libglad.a */ = {isa = PBXFileReference; explicitFileType = archive.ar; includeInIndex = 0; path = libglad.a; sourceTree = BUILT_PRODUCTS_DIR; };
/* End PBXFileReference section */

/* Begin PBXFrameworksBuildPhase section */
		660659E320A91E3800E5579D /* Frameworks */ = {
			isa = PBXFrameworksBuildPhase;
			buildActionMask = 2147483647;
			files = (
				66D34FF820C4A0250014F08D /* Cocoa.framework in Frameworks */,
				66D34FF720C4A0210014F08D /* IOKit.framework in Frameworks */,
				66D34FF620C4A01C0014F08D /* CoreVideo.framework in Frameworks */,
				66D34FF220C49CD50014F08D /* libMudBathEngine.a in Frameworks */,
				66D34FD920C493E10014F08D /* libLogger.a in Frameworks */,
			);
			runOnlyForDeploymentPostprocessing = 0;
		};
		66D34FBF20C491860014F08D /* Frameworks */ = {
			isa = PBXFrameworksBuildPhase;
			buildActionMask = 2147483647;
			files = (
			);
			runOnlyForDeploymentPostprocessing = 0;
		};
		66D34FC820C491C70014F08D /* Frameworks */ = {
			isa = PBXFrameworksBuildPhase;
			buildActionMask = 2147483647;
			files = (
				66D34FD520C491FD0014F08D /* libglfw3.a in Frameworks */,
				66D34FD220C491E20014F08D /* libglad.a in Frameworks */,
				66D34FD320C491E50014F08D /* libLogger.a in Frameworks */,
			);
			runOnlyForDeploymentPostprocessing = 0;
		};
		66EB664320C359EC0048B3AA /* Frameworks */ = {
			isa = PBXFrameworksBuildPhase;
			buildActionMask = 2147483647;
			files = (
				66D34FFB20C4A09E0014F08D /* Cocoa.framework in Frameworks */,
				66D34FFA20C4A09B0014F08D /* IOKit.framework in Frameworks */,
				66D34FF920C4A0970014F08D /* CoreVideo.framework in Frameworks */,
				66D34FDA20C493F10014F08D /* libLogger.a in Frameworks */,
				66D34FD720C4937F0014F08D /* libMudBathEngine.a in Frameworks */,
			);
			runOnlyForDeploymentPostprocessing = 0;
		};
		66EB665420C35C010048B3AA /* Frameworks */ = {
			isa = PBXFrameworksBuildPhase;
			buildActionMask = 2147483647;
			files = (
				66D34FFE20C4A0B10014F08D /* Cocoa.framework in Frameworks */,
				66D34FFD20C4A0AA0014F08D /* IOKit.framework in Frameworks */,
				66D34FFC20C4A0A60014F08D /* CoreVideo.framework in Frameworks */,
				66D34FDB20C493F80014F08D /* libLogger.a in Frameworks */,
				66D34FD820C493860014F08D /* libMudBathEngine.a in Frameworks */,
			);
			runOnlyForDeploymentPostprocessing = 0;
		};
		66EB669220C456340048B3AA /* Frameworks */ = {
			isa = PBXFrameworksBuildPhase;
			buildActionMask = 2147483647;
			files = (
			);
			runOnlyForDeploymentPostprocessing = 0;
		};
/* End PBXFrameworksBuildPhase section */

/* Begin PBXGroup section */
		660659DA20A91E1200E5579D /* engineAssets */ = {
			isa = PBXGroup;
			children = (
				660659DB20A91E1200E5579D /* Renderer.h */,
				660659DC20A91E1200E5579D /* PhysicsModule.h */,
				660659DD20A91E1200E5579D /* AILogic.h */,
			);
			path = engineAssets;
			sourceTree = "<group>";
		};
		660659EB20A94B1A00E5579D /* Frameworks */ = {
			isa = PBXGroup;
			children = (
				660659F220A94B6300E5579D /* Cocoa.framework */,
				660659F020A94B2700E5579D /* CoreVideo.framework */,
				660659EE20A94B2200E5579D /* IOKit.framework */,
				660659EC20A94B1B00E5579D /* libglfw3.a */,
			);
			name = Frameworks;
			sourceTree = "<group>";
		};
		66CB065B20A91DA1003973D1 = {
			isa = PBXGroup;
			children = (
				66EB667B20C4515D0048B3AA /* MudBathEngine.cpp */,
				66EB667C20C4515E0048B3AA /* MudBathEngine.h */,
				66D34FFF20C4CD6F0014F08D /* config */,
				66EB667720C4513F0048B3AA /* testFrameworks */,
				66EB665F20C44DDC0048B3AA /* Logging */,
				660659DA20A91E1200E5579D /* engineAssets */,
				66EB666120C450CB0048B3AA /* deps */,
				66CB066520A91DA1003973D1 /* Products */,
				660659EB20A94B1A00E5579D /* Frameworks */,
			);
			sourceTree = "<group>";
		};
		66CB066520A91DA1003973D1 /* Products */ = {
			isa = PBXGroup;
			children = (
				660659E820A91E3800E5579D /* Riverbank */,
				66EB664C20C359EC0048B3AA /* Centrifudge */,
				66EB665D20C35C010048B3AA /* Marshland */,
				66EB669520C456340048B3AA /* libglad.a */,
				66D34FC220C491860014F08D /* libLogger.a */,
				66D34FCB20C491C70014F08D /* libMudBathEngine.a */,
			);
			name = Products;
			sourceTree = "<group>";
		};
		66D34FFF20C4CD6F0014F08D /* config */ = {
			isa = PBXGroup;
			children = (
				66D3500020C4CD6F0014F08D /* configFile.txt */,
			);
			path = config;
			sourceTree = SOURCE_ROOT;
		};
		66EB665F20C44DDC0048B3AA /* Logging */ = {
			isa = PBXGroup;
			children = (
				66EB666020C44E2B0048B3AA /* Logger.h */,
				66D34FBD20C490950014F08D /* Logger.cpp */,
			);
			path = Logging;
			sourceTree = "<group>";
		};
		66EB666120C450CB0048B3AA /* deps */ = {
			isa = PBXGroup;
			children = (
				66EB668C20C4534B0048B3AA /* glad.c */,
				66EB666220C450CB0048B3AA /* linmath.h */,
				66EB666320C450CB0048B3AA /* tinycthread.c */,
				66EB666420C450CB0048B3AA /* getopt.h */,
				66EB666520C450CB0048B3AA /* KHR */,
				66EB666720C450CB0048B3AA /* mingw */,
				66EB666B20C450CB0048B3AA /* vulkan */,
				66EB666E20C450CB0048B3AA /* glad */,
				66EB667120C450CB0048B3AA /* tinycthread.h */,
				66EB667220C450CB0048B3AA /* GLFW */,
				66EB667620C450CB0048B3AA /* getopt.c */,
			);
			path = deps;
			sourceTree = SOURCE_ROOT;
		};
		66EB666520C450CB0048B3AA /* KHR */ = {
			isa = PBXGroup;
			children = (
				66EB666620C450CB0048B3AA /* khrplatform.h */,
			);
			path = KHR;
			sourceTree = "<group>";
		};
		66EB666720C450CB0048B3AA /* mingw */ = {
			isa = PBXGroup;
			children = (
				66EB666820C450CB0048B3AA /* dinput.h */,
				66EB666920C450CB0048B3AA /* _mingw_dxhelper.h */,
				66EB666A20C450CB0048B3AA /* xinput.h */,
			);
			path = mingw;
			sourceTree = "<group>";
		};
		66EB666B20C450CB0048B3AA /* vulkan */ = {
			isa = PBXGroup;
			children = (
				66EB666C20C450CB0048B3AA /* vulkan.h */,
				66EB666D20C450CB0048B3AA /* vk_platform.h */,
			);
			path = vulkan;
			sourceTree = "<group>";
		};
		66EB666E20C450CB0048B3AA /* glad */ = {
			isa = PBXGroup;
			children = (
				66EB666F20C450CB0048B3AA /* glad.h */,
			);
			path = glad;
			sourceTree = "<group>";
		};
		66EB667220C450CB0048B3AA /* GLFW */ = {
			isa = PBXGroup;
			children = (
				66EB667320C450CB0048B3AA /* glfw3.h */,
				66EB667420C450CB0048B3AA /* glfw3native.h */,
				66EB667520C450CB0048B3AA /* libglfw3.a */,
			);
			path = GLFW;
			sourceTree = "<group>";
		};
		66EB667720C4513F0048B3AA /* testFrameworks */ = {
			isa = PBXGroup;
			children = (
				66EB667820C4513F0048B3AA /* Marshland.cpp */,
				66EB667920C4513F0048B3AA /* Centrifudge.cpp */,
				66EB667A20C4513F0048B3AA /* Riverbank.cpp */,
			);
			path = testFrameworks;
			sourceTree = SOURCE_ROOT;
		};
/* End PBXGroup section */

/* Begin PBXHeadersBuildPhase section */
		66D34FC020C491860014F08D /* Headers */ = {
			isa = PBXHeadersBuildPhase;
			buildActionMask = 2147483647;
			files = (
			);
			runOnlyForDeploymentPostprocessing = 0;
		};
		66D34FC920C491C70014F08D /* Headers */ = {
			isa = PBXHeadersBuildPhase;
			buildActionMask = 2147483647;
			files = (
			);
			runOnlyForDeploymentPostprocessing = 0;
		};
		66EB669320C456340048B3AA /* Headers */ = {
			isa = PBXHeadersBuildPhase;
			buildActionMask = 2147483647;
			files = (
			);
			runOnlyForDeploymentPostprocessing = 0;
		};
/* End PBXHeadersBuildPhase section */

/* Begin PBXNativeTarget section */
		660659E020A91E3800E5579D /* Riverbank */ = {
			isa = PBXNativeTarget;
			buildConfigurationList = 660659E520A91E3800E5579D /* Build configuration list for PBXNativeTarget "Riverbank" */;
			buildPhases = (
				660659E120A91E3800E5579D /* Sources */,
				660659E320A91E3800E5579D /* Frameworks */,
				660659E420A91E3800E5579D /* CopyFiles */,
			);
			buildRules = (
			);
			dependencies = (
				66D34FE820C49A440014F08D /* PBXTargetDependency */,
				66D34FE620C49A440014F08D /* PBXTargetDependency */,
			);
			name = Riverbank;
			productName = MudBath;
			productReference = 660659E820A91E3800E5579D /* Riverbank */;
			productType = "com.apple.product-type.tool";
		};
		66D34FC120C491860014F08D /* Logger */ = {
			isa = PBXNativeTarget;
			buildConfigurationList = 66D34FC320C491870014F08D /* Build configuration list for PBXNativeTarget "Logger" */;
			buildPhases = (
				66D34FBE20C491860014F08D /* Sources */,
				66D34FBF20C491860014F08D /* Frameworks */,
				66D34FC020C491860014F08D /* Headers */,
			);
			buildRules = (
			);
			dependencies = (
			);
			name = Logger;
			productName = Logger;
			productReference = 66D34FC220C491860014F08D /* libLogger.a */;
			productType = "com.apple.product-type.library.static";
		};
		66D34FCA20C491C70014F08D /* MudBathEngine */ = {
			isa = PBXNativeTarget;
			buildConfigurationList = 66D34FCC20C491C70014F08D /* Build configuration list for PBXNativeTarget "MudBathEngine" */;
			buildPhases = (
				66D34FC720C491C70014F08D /* Sources */,
				66D34FC820C491C70014F08D /* Frameworks */,
				66D34FC920C491C70014F08D /* Headers */,
			);
			buildRules = (
			);
			dependencies = (
			);
			name = MudBathEngine;
			productName = MudBathEngine;
			productReference = 66D34FCB20C491C70014F08D /* libMudBathEngine.a */;
			productType = "com.apple.product-type.library.static";
		};
		66EB663E20C359EC0048B3AA /* Centrifudge */ = {
			isa = PBXNativeTarget;
			buildConfigurationList = 66EB664920C359EC0048B3AA /* Build configuration list for PBXNativeTarget "Centrifudge" */;
			buildPhases = (
				66EB663F20C359EC0048B3AA /* Sources */,
				66EB664320C359EC0048B3AA /* Frameworks */,
				66EB664820C359EC0048B3AA /* Copy Files */,
			);
			buildRules = (
			);
			dependencies = (
				66D34FEA20C49A4A0014F08D /* PBXTargetDependency */,
				66D34FEC20C49A4A0014F08D /* PBXTargetDependency */,
			);
			name = Centrifudge;
			productName = MudBath;
			productReference = 66EB664C20C359EC0048B3AA /* Centrifudge */;
			productType = "com.apple.product-type.tool";
		};
		66EB664F20C35C010048B3AA /* Marshland */ = {
			isa = PBXNativeTarget;
			buildConfigurationList = 66EB665A20C35C010048B3AA /* Build configuration list for PBXNativeTarget "Marshland" */;
			buildPhases = (
				66EB665020C35C010048B3AA /* Sources */,
				66EB665420C35C010048B3AA /* Frameworks */,
				66EB665920C35C010048B3AA /* CopyFiles */,
			);
			buildRules = (
			);
			dependencies = (
				66D34FEE20C49A510014F08D /* PBXTargetDependency */,
				66D34FF020C49A510014F08D /* PBXTargetDependency */,
			);
			name = Marshland;
			productName = MudBath;
			productReference = 66EB665D20C35C010048B3AA /* Marshland */;
			productType = "com.apple.product-type.tool";
		};
		66EB669420C456340048B3AA /* glad */ = {
			isa = PBXNativeTarget;
			buildConfigurationList = 66EB669620C456340048B3AA /* Build configuration list for PBXNativeTarget "glad" */;
			buildPhases = (
				66EB669120C456340048B3AA /* Sources */,
				66EB669220C456340048B3AA /* Frameworks */,
				66EB669320C456340048B3AA /* Headers */,
			);
			buildRules = (
			);
			dependencies = (
			);
			name = glad;
			productName = glad;
			productReference = 66EB669520C456340048B3AA /* libglad.a */;
			productType = "com.apple.product-type.library.static";
		};
/* End PBXNativeTarget section */

/* Begin PBXProject section */
		66CB065C20A91DA1003973D1 /* Project object */ = {
			isa = PBXProject;
			attributes = {
				LastUpgradeCheck = 0930;
				ORGANIZATIONNAME = "Tejas Harith";
				TargetAttributes = {
					66D34FC120C491860014F08D = {
						CreatedOnToolsVersion = 9.3.1;
					};
					66D34FCA20C491C70014F08D = {
						CreatedOnToolsVersion = 9.3.1;
					};
					66EB669420C456340048B3AA = {
						CreatedOnToolsVersion = 9.3.1;
					};
				};
			};
			buildConfigurationList = 66CB065F20A91DA1003973D1 /* Build configuration list for PBXProject "MudBath" */;
			compatibilityVersion = "Xcode 9.3";
			developmentRegion = en;
			hasScannedForEncodings = 0;
			knownRegions = (
				en,
			);
			mainGroup = 66CB065B20A91DA1003973D1;
			productRefGroup = 66CB066520A91DA1003973D1 /* Products */;
			projectDirPath = "";
			projectRoot = "";
			targets = (
				660659E020A91E3800E5579D /* Riverbank */,
				66EB663E20C359EC0048B3AA /* Centrifudge */,
				66EB664F20C35C010048B3AA /* Marshland */,
				66EB669420C456340048B3AA /* glad */,
				66D34FC120C491860014F08D /* Logger */,
				66D34FCA20C491C70014F08D /* MudBathEngine */,
			);
		};
/* End PBXProject section */

/* Begin PBXSourcesBuildPhase section */
		660659E120A91E3800E5579D /* Sources */ = {
			isa = PBXSourcesBuildPhase;
			buildActionMask = 2147483647;
			files = (
				66EB668120C451AE0048B3AA /* Riverbank.cpp in Sources */,
			);
			runOnlyForDeploymentPostprocessing = 0;
		};
		66D34FBE20C491860014F08D /* Sources */ = {
			isa = PBXSourcesBuildPhase;
			buildActionMask = 2147483647;
			files = (
				66D34FC620C4918D0014F08D /* Logger.cpp in Sources */,
			);
			runOnlyForDeploymentPostprocessing = 0;
		};
		66D34FC720C491C70014F08D /* Sources */ = {
			isa = PBXSourcesBuildPhase;
			buildActionMask = 2147483647;
			files = (
				66D34FF120C49B3F0014F08D /* MudBathEngine.cpp in Sources */,
			);
			runOnlyForDeploymentPostprocessing = 0;
		};
		66EB663F20C359EC0048B3AA /* Sources */ = {
			isa = PBXSourcesBuildPhase;
			buildActionMask = 2147483647;
			files = (
				66EB668220C451B30048B3AA /* Centrifudge.cpp in Sources */,
			);
			runOnlyForDeploymentPostprocessing = 0;
		};
		66EB665020C35C010048B3AA /* Sources */ = {
			isa = PBXSourcesBuildPhase;
			buildActionMask = 2147483647;
			files = (
				66EB668320C451B90048B3AA /* Marshland.cpp in Sources */,
			);
			runOnlyForDeploymentPostprocessing = 0;
		};
		66EB669120C456340048B3AA /* Sources */ = {
			isa = PBXSourcesBuildPhase;
			buildActionMask = 2147483647;
			files = (
				66EB669920C4563B0048B3AA /* glad.c in Sources */,
			);
			runOnlyForDeploymentPostprocessing = 0;
		};
/* End PBXSourcesBuildPhase section */

/* Begin PBXTargetDependency section */
		66D34FE620C49A440014F08D /* PBXTargetDependency */ = {
			isa = PBXTargetDependency;
			target = 66D34FC120C491860014F08D /* Logger */;
			targetProxy = 66D34FE520C49A440014F08D /* PBXContainerItemProxy */;
		};
		66D34FE820C49A440014F08D /* PBXTargetDependency */ = {
			isa = PBXTargetDependency;
			target = 66D34FCA20C491C70014F08D /* MudBathEngine */;
			targetProxy = 66D34FE720C49A440014F08D /* PBXContainerItemProxy */;
		};
		66D34FEA20C49A4A0014F08D /* PBXTargetDependency */ = {
			isa = PBXTargetDependency;
			target = 66D34FC120C491860014F08D /* Logger */;
			targetProxy = 66D34FE920C49A4A0014F08D /* PBXContainerItemProxy */;
		};
		66D34FEC20C49A4A0014F08D /* PBXTargetDependency */ = {
			isa = PBXTargetDependency;
			target = 66D34FCA20C491C70014F08D /* MudBathEngine */;
			targetProxy = 66D34FEB20C49A4A0014F08D /* PBXContainerItemProxy */;
		};
		66D34FEE20C49A510014F08D /* PBXTargetDependency */ = {
			isa = PBXTargetDependency;
			target = 66D34FC120C491860014F08D /* Logger */;
			targetProxy = 66D34FED20C49A510014F08D /* PBXContainerItemProxy */;
		};
		66D34FF020C49A510014F08D /* PBXTargetDependency */ = {
			isa = PBXTargetDependency;
			target = 66D34FCA20C491C70014F08D /* MudBathEngine */;
			targetProxy = 66D34FEF20C49A510014F08D /* PBXContainerItemProxy */;
		};
/* End PBXTargetDependency section */

/* Begin XCBuildConfiguration section */
		660659E620A91E3800E5579D /* Debug */ = {
			isa = XCBuildConfiguration;
			buildSettings = {
				CODE_SIGN_STYLE = Automatic;
				HEADER_SEARCH_PATHS = "$(SRCROOT)";
				LIBRARY_SEARCH_PATHS = (
					"$(inherited)",
					"$(PROJECT_DIR)/deps/GLFW",
				);
				PRODUCT_NAME = "$(TARGET_NAME)";
			};
			name = Debug;
		};
		660659E720A91E3800E5579D /* Release */ = {
			isa = XCBuildConfiguration;
			buildSettings = {
				CODE_SIGN_STYLE = Automatic;
				HEADER_SEARCH_PATHS = "$(SRCROOT)";
				LIBRARY_SEARCH_PATHS = (
					"$(inherited)",
					"$(PROJECT_DIR)/deps/GLFW",
				);
				PRODUCT_NAME = "$(TARGET_NAME)";
			};
			name = Release;
		};
		66CB066920A91DA1003973D1 /* Debug */ = {
			isa = XCBuildConfiguration;
			buildSettings = {
				ALWAYS_SEARCH_USER_PATHS = NO;
				CLANG_ANALYZER_NONNULL = YES;
				CLANG_ANALYZER_NUMBER_OBJECT_CONVERSION = YES_AGGRESSIVE;
				CLANG_CXX_LANGUAGE_STANDARD = "gnu++14";
				CLANG_CXX_LIBRARY = "libc++";
				CLANG_ENABLE_MODULES = YES;
				CLANG_ENABLE_OBJC_ARC = YES;
				CLANG_ENABLE_OBJC_WEAK = YES;
				CLANG_WARN_BLOCK_CAPTURE_AUTORELEASING = YES;
				CLANG_WARN_BOOL_CONVERSION = YES;
				CLANG_WARN_COMMA = YES;
				CLANG_WARN_CONSTANT_CONVERSION = YES;
				CLANG_WARN_DEPRECATED_OBJC_IMPLEMENTATIONS = YES;
				CLANG_WARN_DIRECT_OBJC_ISA_USAGE = YES_ERROR;
				CLANG_WARN_DOCUMENTATION_COMMENTS = YES;
				CLANG_WARN_EMPTY_BODY = YES;
				CLANG_WARN_ENUM_CONVERSION = YES;
				CLANG_WARN_INFINITE_RECURSION = YES;
				CLANG_WARN_INT_CONVERSION = YES;
				CLANG_WARN_NON_LITERAL_NULL_CONVERSION = YES;
				CLANG_WARN_OBJC_IMPLICIT_RETAIN_SELF = YES;
				CLANG_WARN_OBJC_LITERAL_CONVERSION = YES;
				CLANG_WARN_OBJC_ROOT_CLASS = YES_ERROR;
				CLANG_WARN_RANGE_LOOP_ANALYSIS = YES;
				CLANG_WARN_STRICT_PROTOTYPES = YES;
				CLANG_WARN_SUSPICIOUS_MOVE = YES;
				CLANG_WARN_UNGUARDED_AVAILABILITY = YES_AGGRESSIVE;
				CLANG_WARN_UNREACHABLE_CODE = YES;
				CLANG_WARN__DUPLICATE_METHOD_MATCH = YES;
				CODE_SIGN_IDENTITY = "-";
				COPY_PHASE_STRIP = NO;
				DEBUG_INFORMATION_FORMAT = dwarf;
				ENABLE_STRICT_OBJC_MSGSEND = YES;
				ENABLE_TESTABILITY = YES;
				GCC_C_LANGUAGE_STANDARD = gnu11;
				GCC_DYNAMIC_NO_PIC = NO;
				GCC_NO_COMMON_BLOCKS = YES;
				GCC_OPTIMIZATION_LEVEL = 0;
				GCC_PREPROCESSOR_DEFINITIONS = (
					"DEBUG=1",
					"$(inherited)",
				);
				GCC_WARN_64_TO_32_BIT_CONVERSION = YES;
				GCC_WARN_ABOUT_RETURN_TYPE = YES_ERROR;
				GCC_WARN_UNDECLARED_SELECTOR = YES;
				GCC_WARN_UNINITIALIZED_AUTOS = YES_AGGRESSIVE;
				GCC_WARN_UNUSED_FUNCTION = YES;
				GCC_WARN_UNUSED_VARIABLE = YES;
				MACOSX_DEPLOYMENT_TARGET = 10.13;
				MTL_ENABLE_DEBUG_INFO = YES;
				ONLY_ACTIVE_ARCH = YES;
				SDKROOT = macosx;
			};
			name = Debug;
		};
		66CB066A20A91DA1003973D1 /* Release */ = {
			isa = XCBuildConfiguration;
			buildSettings = {
				ALWAYS_SEARCH_USER_PATHS = NO;
				CLANG_ANALYZER_NONNULL = YES;
				CLANG_ANALYZER_NUMBER_OBJECT_CONVERSION = YES_AGGRESSIVE;
				CLANG_CXX_LANGUAGE_STANDARD = "gnu++14";
				CLANG_CXX_LIBRARY = "libc++";
				CLANG_ENABLE_MODULES = YES;
				CLANG_ENABLE_OBJC_ARC = YES;
				CLANG_ENABLE_OBJC_WEAK = YES;
				CLANG_WARN_BLOCK_CAPTURE_AUTORELEASING = YES;
				CLANG_WARN_BOOL_CONVERSION = YES;
				CLANG_WARN_COMMA = YES;
				CLANG_WARN_CONSTANT_CONVERSION = YES;
				CLANG_WARN_DEPRECATED_OBJC_IMPLEMENTATIONS = YES;
				CLANG_WARN_DIRECT_OBJC_ISA_USAGE = YES_ERROR;
				CLANG_WARN_DOCUMENTATION_COMMENTS = YES;
				CLANG_WARN_EMPTY_BODY = YES;
				CLANG_WARN_ENUM_CONVERSION = YES;
				CLANG_WARN_INFINITE_RECURSION = YES;
				CLANG_WARN_INT_CONVERSION = YES;
				CLANG_WARN_NON_LITERAL_NULL_CONVERSION = YES;
				CLANG_WARN_OBJC_IMPLICIT_RETAIN_SELF = YES;
				CLANG_WARN_OBJC_LITERAL_CONVERSION = YES;
				CLANG_WARN_OBJC_ROOT_CLASS = YES_ERROR;
				CLANG_WARN_RANGE_LOOP_ANALYSIS = YES;
				CLANG_WARN_STRICT_PROTOTYPES = YES;
				CLANG_WARN_SUSPICIOUS_MOVE = YES;
				CLANG_WARN_UNGUARDED_AVAILABILITY = YES_AGGRESSIVE;
				CLANG_WARN_UNREACHABLE_CODE = YES;
				CLANG_WARN__DUPLICATE_METHOD_MATCH = YES;
				CODE_SIGN_IDENTITY = "-";
				COPY_PHASE_STRIP = NO;
				DEBUG_INFORMATION_FORMAT = "dwarf-with-dsym";
				ENABLE_NS_ASSERTIONS = NO;
				ENABLE_STRICT_OBJC_MSGSEND = YES;
				GCC_C_LANGUAGE_STANDARD = gnu11;
				GCC_NO_COMMON_BLOCKS = YES;
				GCC_WARN_64_TO_32_BIT_CONVERSION = YES;
				GCC_WARN_ABOUT_RETURN_TYPE = YES_ERROR;
				GCC_WARN_UNDECLARED_SELECTOR = YES;
				GCC_WARN_UNINITIALIZED_AUTOS = YES_AGGRESSIVE;
				GCC_WARN_UNUSED_FUNCTION = YES;
				GCC_WARN_UNUSED_VARIABLE = YES;
				MACOSX_DEPLOYMENT_TARGET = 10.13;
				MTL_ENABLE_DEBUG_INFO = NO;
				SDKROOT = macosx;
			};
			name = Release;
		};
		66D34FC420C491870014F08D /* Debug */ = {
			isa = XCBuildConfiguration;
			buildSettings = {
				CODE_SIGN_STYLE = Automatic;
				EXECUTABLE_PREFIX = lib;
				PRODUCT_NAME = "$(TARGET_NAME)";
				SKIP_INSTALL = YES;
			};
			name = Debug;
		};
		66D34FC520C491870014F08D /* Release */ = {
			isa = XCBuildConfiguration;
			buildSettings = {
				CODE_SIGN_STYLE = Automatic;
				EXECUTABLE_PREFIX = lib;
				PRODUCT_NAME = "$(TARGET_NAME)";
				SKIP_INSTALL = YES;
			};
			name = Release;
		};
		66D34FCD20C491C70014F08D /* Debug */ = {
			isa = XCBuildConfiguration;
			buildSettings = {
				CODE_SIGN_STYLE = Automatic;
				EXECUTABLE_PREFIX = lib;
				HEADER_SEARCH_PATHS = "$(SRCROOT)";
				LIBRARY_SEARCH_PATHS = (
					"$(inherited)",
					"$(PROJECT_DIR)/deps/GLFW",
				);
				PRODUCT_NAME = "$(TARGET_NAME)";
				SKIP_INSTALL = YES;
			};
			name = Debug;
		};
		66D34FCE20C491C70014F08D /* Release */ = {
			isa = XCBuildConfiguration;
			buildSettings = {
				CODE_SIGN_STYLE = Automatic;
				EXECUTABLE_PREFIX = lib;
				HEADER_SEARCH_PATHS = "$(SRCROOT)";
				LIBRARY_SEARCH_PATHS = (
					"$(inherited)",
					"$(PROJECT_DIR)/deps/GLFW",
				);
				PRODUCT_NAME = "$(TARGET_NAME)";
				SKIP_INSTALL = YES;
			};
			name = Release;
		};
		66EB664A20C359EC0048B3AA /* Debug */ = {
			isa = XCBuildConfiguration;
			buildSettings = {
				CODE_SIGN_STYLE = Automatic;
				HEADER_SEARCH_PATHS = "$(SRCROOT)";
				LIBRARY_SEARCH_PATHS = (
					"$(inherited)",
					"$(PROJECT_DIR)/deps/GLFW",
				);
				PRODUCT_NAME = "$(TARGET_NAME)";
			};
			name = Debug;
		};
		66EB664B20C359EC0048B3AA /* Release */ = {
			isa = XCBuildConfiguration;
			buildSettings = {
				CODE_SIGN_STYLE = Automatic;
				HEADER_SEARCH_PATHS = "$(SRCROOT)";
				LIBRARY_SEARCH_PATHS = (
					"$(inherited)",
					"$(PROJECT_DIR)/deps/GLFW",
				);
				PRODUCT_NAME = "$(TARGET_NAME)";
			};
			name = Release;
		};
		66EB665B20C35C010048B3AA /* Debug */ = {
			isa = XCBuildConfiguration;
			buildSettings = {
				CODE_SIGN_STYLE = Automatic;
				HEADER_SEARCH_PATHS = "$(SRCROOT)";
				LIBRARY_SEARCH_PATHS = (
					"$(inherited)",
					"$(PROJECT_DIR)/deps/GLFW",
				);
				PRODUCT_NAME = "$(TARGET_NAME)";
			};
			name = Debug;
		};
		66EB665C20C35C010048B3AA /* Release */ = {
			isa = XCBuildConfiguration;
			buildSettings = {
				CODE_SIGN_STYLE = Automatic;
				HEADER_SEARCH_PATHS = "$(SRCROOT)";
				LIBRARY_SEARCH_PATHS = (
					"$(inherited)",
					"$(PROJECT_DIR)/deps/GLFW",
				);
				PRODUCT_NAME = "$(TARGET_NAME)";
			};
			name = Release;
		};
		66EB669720C456340048B3AA /* Debug */ = {
			isa = XCBuildConfiguration;
			buildSettings = {
				CODE_SIGN_STYLE = Automatic;
				EXECUTABLE_PREFIX = lib;
				HEADER_SEARCH_PATHS = "$(SRCROOT)";
				PRODUCT_NAME = "$(TARGET_NAME)";
				SKIP_INSTALL = YES;
			};
			name = Debug;
		};
		66EB669820C456340048B3AA /* Release */ = {
			isa = XCBuildConfiguration;
			buildSettings = {
				CODE_SIGN_STYLE = Automatic;
				EXECUTABLE_PREFIX = lib;
				PRODUCT_NAME = "$(TARGET_NAME)";
				SKIP_INSTALL = YES;
			};
			name = Release;
		};
/* End XCBuildConfiguration section */

/* Begin XCConfigurationList section */
		660659E520A91E3800E5579D /* Build configuration list for PBXNativeTarget "Riverbank" */ = {
			isa = XCConfigurationList;
			buildConfigurations = (
				660659E620A91E3800E5579D /* Debug */,
				660659E720A91E3800E5579D /* Release */,
			);
			defaultConfigurationIsVisible = 0;
			defaultConfigurationName = Release;
		};
		66CB065F20A91DA1003973D1 /* Build configuration list for PBXProject "MudBath" */ = {
			isa = XCConfigurationList;
			buildConfigurations = (
				66CB066920A91DA1003973D1 /* Debug */,
				66CB066A20A91DA1003973D1 /* Release */,
			);
			defaultConfigurationIsVisible = 0;
			defaultConfigurationName = Release;
		};
		66D34FC320C491870014F08D /* Build configuration list for PBXNativeTarget "Logger" */ = {
			isa = XCConfigurationList;
			buildConfigurations = (
				66D34FC420C491870014F08D /* Debug */,
				66D34FC520C491870014F08D /* Release */,
			);
			defaultConfigurationIsVisible = 0;
			defaultConfigurationName = Release;
		};
		66D34FCC20C491C70014F08D /* Build configuration list for PBXNativeTarget "MudBathEngine" */ = {
			isa = XCConfigurationList;
			buildConfigurations = (
				66D34FCD20C491C70014F08D /* Debug */,
				66D34FCE20C491C70014F08D /* Release */,
			);
			defaultConfigurationIsVisible = 0;
			defaultConfigurationName = Release;
		};
		66EB664920C359EC0048B3AA /* Build configuration list for PBXNativeTarget "Centrifudge" */ = {
			isa = XCConfigurationList;
			buildConfigurations = (
				66EB664A20C359EC0048B3AA /* Debug */,
				66EB664B20C359EC0048B3AA /* Release */,
			);
			defaultConfigurationIsVisible = 0;
			defaultConfigurationName = Release;
		};
		66EB665A20C35C010048B3AA /* Build configuration list for PBXNativeTarget "Marshland" */ = {
			isa = XCConfigurationList;
			buildConfigurations = (
				66EB665B20C35C010048B3AA /* Debug */,
				66EB665C20C35C010048B3AA /* Release */,
			);
			defaultConfigurationIsVisible = 0;
			defaultConfigurationName = Release;
		};
		66EB669620C456340048B3AA /* Build configuration list for PBXNativeTarget "glad" */ = {
			isa = XCConfigurationList;
			buildConfigurations = (
				66EB669720C456340048B3AA /* Debug */,
				66EB669820C456340048B3AA /* Release */,
			);
			defaultConfigurationIsVisible = 0;
			defaultConfigurationName = Release;
		};
/* End XCConfigurationList section */
	};
	rootObject = 66CB065C20A91DA1003973D1 /* Project object */;
}
