// !$*UTF8*$!
{
	archiveVersion = 1;
	classes = {
	};
	objectVersion = 50;
	objects = {

/* Begin PBXBuildFile section */
		660659D920A91DED00E5579D /* MudBathEngine.cpp in Sources */ = {isa = PBXBuildFile; fileRef = 660659D820A91DED00E5579D /* MudBathEngine.cpp */; };
		660659E920A91E3F00E5579D /* Riverbank.cpp in Sources */ = {isa = PBXBuildFile; fileRef = 660659DE20A91E2000E5579D /* Riverbank.cpp */; };
		660659EA20A9210A00E5579D /* MudBathEngine.cpp in Sources */ = {isa = PBXBuildFile; fileRef = 660659D820A91DED00E5579D /* MudBathEngine.cpp */; };
		660659ED20A94B1B00E5579D /* libglfw3.a in Frameworks */ = {isa = PBXBuildFile; fileRef = 660659EC20A94B1B00E5579D /* libglfw3.a */; };
		660659EF20A94B2200E5579D /* IOKit.framework in Frameworks */ = {isa = PBXBuildFile; fileRef = 660659EE20A94B2200E5579D /* IOKit.framework */; };
		660659F120A94B2700E5579D /* CoreVideo.framework in Frameworks */ = {isa = PBXBuildFile; fileRef = 660659F020A94B2700E5579D /* CoreVideo.framework */; };
		660659F320A94B6300E5579D /* Cocoa.framework in Frameworks */ = {isa = PBXBuildFile; fileRef = 660659F220A94B6300E5579D /* Cocoa.framework */; };
		660659F620AC67F000E5579D /* glad.c in Sources */ = {isa = PBXBuildFile; fileRef = 660659F420A94C1100E5579D /* glad.c */; };
/* End PBXBuildFile section */

/* Begin PBXCopyFilesBuildPhase section */
		660659E420A91E3800E5579D /* CopyFiles */ = {
			isa = PBXCopyFilesBuildPhase;
			buildActionMask = 2147483647;
			dstPath = /usr/share/man/man1/;
			dstSubfolderSpec = 0;
			files = (
			);
			runOnlyForDeploymentPostprocessing = 1;
		};
		66CB066220A91DA1003973D1 /* CopyFiles */ = {
			isa = PBXCopyFilesBuildPhase;
			buildActionMask = 2147483647;
			dstPath = /usr/share/man/man1/;
			dstSubfolderSpec = 0;
			files = (
			);
			runOnlyForDeploymentPostprocessing = 1;
		};
/* End PBXCopyFilesBuildPhase section */

/* Begin PBXFileReference section */
		660659D720A91DED00E5579D /* MudBathEngine.h */ = {isa = PBXFileReference; fileEncoding = 4; lastKnownFileType = sourcecode.c.h; path = MudBathEngine.h; sourceTree = "<group>"; };
		660659D820A91DED00E5579D /* MudBathEngine.cpp */ = {isa = PBXFileReference; fileEncoding = 4; lastKnownFileType = sourcecode.cpp.cpp; path = MudBathEngine.cpp; sourceTree = "<group>"; };
		660659DB20A91E1200E5579D /* Renderer.h */ = {isa = PBXFileReference; lastKnownFileType = sourcecode.c.h; path = Renderer.h; sourceTree = "<group>"; };
		660659DC20A91E1200E5579D /* PhysicsModule.h */ = {isa = PBXFileReference; lastKnownFileType = sourcecode.c.h; path = PhysicsModule.h; sourceTree = "<group>"; };
		660659DD20A91E1200E5579D /* AILogic.h */ = {isa = PBXFileReference; lastKnownFileType = sourcecode.c.h; path = AILogic.h; sourceTree = "<group>"; };
		660659DE20A91E2000E5579D /* Riverbank.cpp */ = {isa = PBXFileReference; fileEncoding = 4; lastKnownFileType = sourcecode.cpp.cpp; path = Riverbank.cpp; sourceTree = "<group>"; };
		660659E820A91E3800E5579D /* Riverbank */ = {isa = PBXFileReference; explicitFileType = "compiled.mach-o.executable"; includeInIndex = 0; path = Riverbank; sourceTree = BUILT_PRODUCTS_DIR; };
		660659EC20A94B1B00E5579D /* libglfw3.a */ = {isa = PBXFileReference; lastKnownFileType = archive.ar; name = libglfw3.a; path = deps/GLFW/libglfw3.a; sourceTree = "<group>"; };
		660659EE20A94B2200E5579D /* IOKit.framework */ = {isa = PBXFileReference; lastKnownFileType = wrapper.framework; name = IOKit.framework; path = System/Library/Frameworks/IOKit.framework; sourceTree = SDKROOT; };
		660659F020A94B2700E5579D /* CoreVideo.framework */ = {isa = PBXFileReference; lastKnownFileType = wrapper.framework; name = CoreVideo.framework; path = System/Library/Frameworks/CoreVideo.framework; sourceTree = SDKROOT; };
		660659F220A94B6300E5579D /* Cocoa.framework */ = {isa = PBXFileReference; lastKnownFileType = wrapper.framework; name = Cocoa.framework; path = System/Library/Frameworks/Cocoa.framework; sourceTree = SDKROOT; };
		660659F420A94C1100E5579D /* glad.c */ = {isa = PBXFileReference; lastKnownFileType = sourcecode.c.c; name = glad.c; path = deps/glad.c; sourceTree = "<group>"; };
		66CB066420A91DA1003973D1 /* MudBath */ = {isa = PBXFileReference; explicitFileType = "compiled.mach-o.executable"; includeInIndex = 0; path = MudBath; sourceTree = BUILT_PRODUCTS_DIR; };
/* End PBXFileReference section */

/* Begin PBXFrameworksBuildPhase section */
		660659E320A91E3800E5579D /* Frameworks */ = {
			isa = PBXFrameworksBuildPhase;
			buildActionMask = 2147483647;
			files = (
				660659F320A94B6300E5579D /* Cocoa.framework in Frameworks */,
				660659F120A94B2700E5579D /* CoreVideo.framework in Frameworks */,
				660659EF20A94B2200E5579D /* IOKit.framework in Frameworks */,
				660659ED20A94B1B00E5579D /* libglfw3.a in Frameworks */,
			);
			runOnlyForDeploymentPostprocessing = 0;
		};
		66CB066120A91DA1003973D1 /* Frameworks */ = {
			isa = PBXFrameworksBuildPhase;
			buildActionMask = 2147483647;
			files = (
			);
			runOnlyForDeploymentPostprocessing = 0;
		};
/* End PBXFrameworksBuildPhase section */

/* Begin PBXGroup section */
		660659DA20A91E1200E5579D /* engineAssets */ = {
			isa = PBXGroup;
			children = (
				660659DB20A91E1200E5579D /* Renderer.h */,
				660659DC20A91E1200E5579D /* PhysicsModule.h */,
				660659DD20A91E1200E5579D /* AILogic.h */,
			);
			path = engineAssets;
			sourceTree = "<group>";
		};
		660659EB20A94B1A00E5579D /* Frameworks */ = {
			isa = PBXGroup;
			children = (
				660659F220A94B6300E5579D /* Cocoa.framework */,
				660659F020A94B2700E5579D /* CoreVideo.framework */,
				660659EE20A94B2200E5579D /* IOKit.framework */,
				660659EC20A94B1B00E5579D /* libglfw3.a */,
			);
			name = Frameworks;
			sourceTree = "<group>";
		};
		66CB065B20A91DA1003973D1 = {
			isa = PBXGroup;
			children = (
				660659F420A94C1100E5579D /* glad.c */,
				660659DE20A91E2000E5579D /* Riverbank.cpp */,
				660659DA20A91E1200E5579D /* engineAssets */,
				66CB066620A91DA1003973D1 /* MudBath */,
				66CB066520A91DA1003973D1 /* Products */,
				660659EB20A94B1A00E5579D /* Frameworks */,
			);
			sourceTree = "<group>";
		};
		66CB066520A91DA1003973D1 /* Products */ = {
			isa = PBXGroup;
			children = (
				66CB066420A91DA1003973D1 /* MudBath */,
				660659E820A91E3800E5579D /* Riverbank */,
			);
			name = Products;
			sourceTree = "<group>";
		};
		66CB066620A91DA1003973D1 /* MudBath */ = {
			isa = PBXGroup;
			children = (
				660659D820A91DED00E5579D /* MudBathEngine.cpp */,
				660659D720A91DED00E5579D /* MudBathEngine.h */,
			);
			path = MudBath;
			sourceTree = "<group>";
		};
/* End PBXGroup section */

/* Begin PBXNativeTarget section */
		660659E020A91E3800E5579D /* Riverbank */ = {
			isa = PBXNativeTarget;
			buildConfigurationList = 660659E520A91E3800E5579D /* Build configuration list for PBXNativeTarget "Riverbank" */;
			buildPhases = (
				660659E120A91E3800E5579D /* Sources */,
				660659E320A91E3800E5579D /* Frameworks */,
				660659E420A91E3800E5579D /* CopyFiles */,
			);
			buildRules = (
			);
			dependencies = (
			);
			name = Riverbank;
			productName = MudBath;
			productReference = 660659E820A91E3800E5579D /* Riverbank */;
			productType = "com.apple.product-type.tool";
		};
		66CB066320A91DA1003973D1 /* MudBath */ = {
			isa = PBXNativeTarget;
			buildConfigurationList = 66CB066B20A91DA1003973D1 /* Build configuration list for PBXNativeTarget "MudBath" */;
			buildPhases = (
				66CB066020A91DA1003973D1 /* Sources */,
				66CB066120A91DA1003973D1 /* Frameworks */,
				66CB066220A91DA1003973D1 /* CopyFiles */,
			);
			buildRules = (
			);
			dependencies = (
			);
			name = MudBath;
			productName = MudBath;
			productReference = 66CB066420A91DA1003973D1 /* MudBath */;
			productType = "com.apple.product-type.tool";
		};
/* End PBXNativeTarget section */

/* Begin PBXProject section */
		66CB065C20A91DA1003973D1 /* Project object */ = {
			isa = PBXProject;
			attributes = {
				LastUpgradeCheck = 0930;
				ORGANIZATIONNAME = "Tejas Harith";
				TargetAttributes = {
					66CB066320A91DA1003973D1 = {
						CreatedOnToolsVersion = 9.3;
					};
				};
			};
			buildConfigurationList = 66CB065F20A91DA1003973D1 /* Build configuration list for PBXProject "MudBath" */;
			compatibilityVersion = "Xcode 9.3";
			developmentRegion = en;
			hasScannedForEncodings = 0;
			knownRegions = (
				en,
			);
			mainGroup = 66CB065B20A91DA1003973D1;
			productRefGroup = 66CB066520A91DA1003973D1 /* Products */;
			projectDirPath = "";
			projectRoot = "";
			targets = (
				66CB066320A91DA1003973D1 /* MudBath */,
				660659E020A91E3800E5579D /* Riverbank */,
			);
		};
/* End PBXProject section */

/* Begin PBXSourcesBuildPhase section */
		660659E120A91E3800E5579D /* Sources */ = {
			isa = PBXSourcesBuildPhase;
			buildActionMask = 2147483647;
			files = (
				660659F620AC67F000E5579D /* glad.c in Sources */,
				660659EA20A9210A00E5579D /* MudBathEngine.cpp in Sources */,
				660659E920A91E3F00E5579D /* Riverbank.cpp in Sources */,
			);
			runOnlyForDeploymentPostprocessing = 0;
		};
		66CB066020A91DA1003973D1 /* Sources */ = {
			isa = PBXSourcesBuildPhase;
			buildActionMask = 2147483647;
			files = (
				660659D920A91DED00E5579D /* MudBathEngine.cpp in Sources */,
			);
			runOnlyForDeploymentPostprocessing = 0;
		};
/* End PBXSourcesBuildPhase section */

/* Begin XCBuildConfiguration section */
		660659E620A91E3800E5579D /* Debug */ = {
			isa = XCBuildConfiguration;
			buildSettings = {
				CODE_SIGN_STYLE = Automatic;
				HEADER_SEARCH_PATHS = "$(SRCROOT)";
				LIBRARY_SEARCH_PATHS = (
					"$(inherited)",
					"$(PROJECT_DIR)/deps/GLFW",
				);
				PRODUCT_NAME = "$(TARGET_NAME)";
			};
			name = Debug;
		};
		660659E720A91E3800E5579D /* Release */ = {
			isa = XCBuildConfiguration;
			buildSettings = {
				CODE_SIGN_STYLE = Automatic;
				HEADER_SEARCH_PATHS = "$(SRCROOT)";
				LIBRARY_SEARCH_PATHS = (
					"$(inherited)",
					"$(PROJECT_DIR)/deps/GLFW",
				);
				PRODUCT_NAME = "$(TARGET_NAME)";
			};
			name = Release;
		};
		66CB066920A91DA1003973D1 /* Debug */ = {
			isa = XCBuildConfiguration;
			buildSettings = {
				ALWAYS_SEARCH_USER_PATHS = NO;
				CLANG_ANALYZER_NONNULL = YES;
				CLANG_ANALYZER_NUMBER_OBJECT_CONVERSION = YES_AGGRESSIVE;
				CLANG_CXX_LANGUAGE_STANDARD = "gnu++14";
				CLANG_CXX_LIBRARY = "libc++";
				CLANG_ENABLE_MODULES = YES;
				CLANG_ENABLE_OBJC_ARC = YES;
				CLANG_ENABLE_OBJC_WEAK = YES;
				CLANG_WARN_BLOCK_CAPTURE_AUTORELEASING = YES;
				CLANG_WARN_BOOL_CONVERSION = YES;
				CLANG_WARN_COMMA = YES;
				CLANG_WARN_CONSTANT_CONVERSION = YES;
				CLANG_WARN_DEPRECATED_OBJC_IMPLEMENTATIONS = YES;
				CLANG_WARN_DIRECT_OBJC_ISA_USAGE = YES_ERROR;
				CLANG_WARN_DOCUMENTATION_COMMENTS = YES;
				CLANG_WARN_EMPTY_BODY = YES;
				CLANG_WARN_ENUM_CONVERSION = YES;
				CLANG_WARN_INFINITE_RECURSION = YES;
				CLANG_WARN_INT_CONVERSION = YES;
				CLANG_WARN_NON_LITERAL_NULL_CONVERSION = YES;
				CLANG_WARN_OBJC_IMPLICIT_RETAIN_SELF = YES;
				CLANG_WARN_OBJC_LITERAL_CONVERSION = YES;
				CLANG_WARN_OBJC_ROOT_CLASS = YES_ERROR;
				CLANG_WARN_RANGE_LOOP_ANALYSIS = YES;
				CLANG_WARN_STRICT_PROTOTYPES = YES;
				CLANG_WARN_SUSPICIOUS_MOVE = YES;
				CLANG_WARN_UNGUARDED_AVAILABILITY = YES_AGGRESSIVE;
				CLANG_WARN_UNREACHABLE_CODE = YES;
				CLANG_WARN__DUPLICATE_METHOD_MATCH = YES;
				CODE_SIGN_IDENTITY = "-";
				COPY_PHASE_STRIP = NO;
				DEBUG_INFORMATION_FORMAT = dwarf;
				ENABLE_STRICT_OBJC_MSGSEND = YES;
				ENABLE_TESTABILITY = YES;
				GCC_C_LANGUAGE_STANDARD = gnu11;
				GCC_DYNAMIC_NO_PIC = NO;
				GCC_NO_COMMON_BLOCKS = YES;
				GCC_OPTIMIZATION_LEVEL = 0;
				GCC_PREPROCESSOR_DEFINITIONS = (
					"DEBUG=1",
					"$(inherited)",
				);
				GCC_WARN_64_TO_32_BIT_CONVERSION = YES;
				GCC_WARN_ABOUT_RETURN_TYPE = YES_ERROR;
				GCC_WARN_UNDECLARED_SELECTOR = YES;
				GCC_WARN_UNINITIALIZED_AUTOS = YES_AGGRESSIVE;
				GCC_WARN_UNUSED_FUNCTION = YES;
				GCC_WARN_UNUSED_VARIABLE = YES;
				MACOSX_DEPLOYMENT_TARGET = 10.13;
				MTL_ENABLE_DEBUG_INFO = YES;
				ONLY_ACTIVE_ARCH = YES;
				SDKROOT = macosx;
			};
			name = Debug;
		};
		66CB066A20A91DA1003973D1 /* Release */ = {
			isa = XCBuildConfiguration;
			buildSettings = {
				ALWAYS_SEARCH_USER_PATHS = NO;
				CLANG_ANALYZER_NONNULL = YES;
				CLANG_ANALYZER_NUMBER_OBJECT_CONVERSION = YES_AGGRESSIVE;
				CLANG_CXX_LANGUAGE_STANDARD = "gnu++14";
				CLANG_CXX_LIBRARY = "libc++";
				CLANG_ENABLE_MODULES = YES;
				CLANG_ENABLE_OBJC_ARC = YES;
				CLANG_ENABLE_OBJC_WEAK = YES;
				CLANG_WARN_BLOCK_CAPTURE_AUTORELEASING = YES;
				CLANG_WARN_BOOL_CONVERSION = YES;
				CLANG_WARN_COMMA = YES;
				CLANG_WARN_CONSTANT_CONVERSION = YES;
				CLANG_WARN_DEPRECATED_OBJC_IMPLEMENTATIONS = YES;
				CLANG_WARN_DIRECT_OBJC_ISA_USAGE = YES_ERROR;
				CLANG_WARN_DOCUMENTATION_COMMENTS = YES;
				CLANG_WARN_EMPTY_BODY = YES;
				CLANG_WARN_ENUM_CONVERSION = YES;
				CLANG_WARN_INFINITE_RECURSION = YES;
				CLANG_WARN_INT_CONVERSION = YES;
				CLANG_WARN_NON_LITERAL_NULL_CONVERSION = YES;
				CLANG_WARN_OBJC_IMPLICIT_RETAIN_SELF = YES;
				CLANG_WARN_OBJC_LITERAL_CONVERSION = YES;
				CLANG_WARN_OBJC_ROOT_CLASS = YES_ERROR;
				CLANG_WARN_RANGE_LOOP_ANALYSIS = YES;
				CLANG_WARN_STRICT_PROTOTYPES = YES;
				CLANG_WARN_SUSPICIOUS_MOVE = YES;
				CLANG_WARN_UNGUARDED_AVAILABILITY = YES_AGGRESSIVE;
				CLANG_WARN_UNREACHABLE_CODE = YES;
				CLANG_WARN__DUPLICATE_METHOD_MATCH = YES;
				CODE_SIGN_IDENTITY = "-";
				COPY_PHASE_STRIP = NO;
				DEBUG_INFORMATION_FORMAT = "dwarf-with-dsym";
				ENABLE_NS_ASSERTIONS = NO;
				ENABLE_STRICT_OBJC_MSGSEND = YES;
				GCC_C_LANGUAGE_STANDARD = gnu11;
				GCC_NO_COMMON_BLOCKS = YES;
				GCC_WARN_64_TO_32_BIT_CONVERSION = YES;
				GCC_WARN_ABOUT_RETURN_TYPE = YES_ERROR;
				GCC_WARN_UNDECLARED_SELECTOR = YES;
				GCC_WARN_UNINITIALIZED_AUTOS = YES_AGGRESSIVE;
				GCC_WARN_UNUSED_FUNCTION = YES;
				GCC_WARN_UNUSED_VARIABLE = YES;
				MACOSX_DEPLOYMENT_TARGET = 10.13;
				MTL_ENABLE_DEBUG_INFO = NO;
				SDKROOT = macosx;
			};
			name = Release;
		};
		66CB066C20A91DA1003973D1 /* Debug */ = {
			isa = XCBuildConfiguration;
			buildSettings = {
				CODE_SIGN_STYLE = Automatic;
				PRODUCT_NAME = "$(TARGET_NAME)";
			};
			name = Debug;
		};
		66CB066D20A91DA1003973D1 /* Release */ = {
			isa = XCBuildConfiguration;
			buildSettings = {
				CODE_SIGN_STYLE = Automatic;
				PRODUCT_NAME = "$(TARGET_NAME)";
			};
			name = Release;
		};
/* End XCBuildConfiguration section */

/* Begin XCConfigurationList section */
		660659E520A91E3800E5579D /* Build configuration list for PBXNativeTarget "Riverbank" */ = {
			isa = XCConfigurationList;
			buildConfigurations = (
				660659E620A91E3800E5579D /* Debug */,
				660659E720A91E3800E5579D /* Release */,
			);
			defaultConfigurationIsVisible = 0;
			defaultConfigurationName = Release;
		};
		66CB065F20A91DA1003973D1 /* Build configuration list for PBXProject "MudBath" */ = {
			isa = XCConfigurationList;
			buildConfigurations = (
				66CB066920A91DA1003973D1 /* Debug */,
				66CB066A20A91DA1003973D1 /* Release */,
			);
			defaultConfigurationIsVisible = 0;
			defaultConfigurationName = Release;
		};
		66CB066B20A91DA1003973D1 /* Build configuration list for PBXNativeTarget "MudBath" */ = {
			isa = XCConfigurationList;
			buildConfigurations = (
				66CB066C20A91DA1003973D1 /* Debug */,
				66CB066D20A91DA1003973D1 /* Release */,
			);
			defaultConfigurationIsVisible = 0;
			defaultConfigurationName = Release;
		};
/* End XCConfigurationList section */
	};
	rootObject = 66CB065C20A91DA1003973D1 /* Project object */;
}
